<?xml version="1.0" encoding="utf-8"?>
<Project ToolsVersion="4.0" xmlns="http://schemas.microsoft.com/developer/msbuild/2003">
  <ItemGroup>
    <Filter Include="Third">
      <UniqueIdentifier>{3c90160b-1d8a-4a0a-8d07-d9a07055548a}</UniqueIdentifier>
    </Filter>
    <Filter Include="Third\spine">
      <UniqueIdentifier>{884a8e80-0874-41bc-83d5-3f2882e25740}</UniqueIdentifier>
    </Filter>
    <Filter Include="Framework">
      <UniqueIdentifier>{176d1987-115b-4a71-9939-edace77ac45d}</UniqueIdentifier>
    </Filter>
    <Filter Include="Framework\action">
      <UniqueIdentifier>{926fa83c-0504-4121-af4d-368b8ebf2fd9}</UniqueIdentifier>
    </Filter>
    <Filter Include="Framework\asset">
      <UniqueIdentifier>{592fe4fe-75f8-4006-afa5-49fe7c332c3c}</UniqueIdentifier>
    </Filter>
    <Filter Include="Framework\base">
      <UniqueIdentifier>{066816ec-d368-446a-b74a-ee069a7389b3}</UniqueIdentifier>
    </Filter>
    <Filter Include="Framework\controller">
      <UniqueIdentifier>{ec6bb6a9-ec0f-4e85-89bc-595977d88703}</UniqueIdentifier>
    </Filter>
    <Filter Include="Framework\event">
      <UniqueIdentifier>{8c39fa88-9591-4a06-aeef-125556fcbb84}</UniqueIdentifier>
    </Filter>
    <Filter Include="Framework\font">
      <UniqueIdentifier>{ce7508bf-8e6f-4934-8fc1-af3989990b8c}</UniqueIdentifier>
    </Filter>
    <Filter Include="Framework\skeleton">
      <UniqueIdentifier>{76345212-c8f2-4b67-bd62-5dd4ca9ab15b}</UniqueIdentifier>
    </Filter>
    <Filter Include="Framework\platform">
      <UniqueIdentifier>{ecc4a952-4c73-4888-884f-10c2570020f6}</UniqueIdentifier>
    </Filter>
    <Filter Include="Framework\platform\win">
      <UniqueIdentifier>{3244c729-28f6-469e-b1a4-7ac63790d9ed}</UniqueIdentifier>
    </Filter>
    <Filter Include="Framework\platform\gl">
      <UniqueIdentifier>{beb2b86a-f69a-46ac-b987-d9695f2c619a}</UniqueIdentifier>
    </Filter>
    <Filter Include="Framework\platform\dx">
      <UniqueIdentifier>{3fd49eca-b389-4668-b3b7-bc1a24ed86cd}</UniqueIdentifier>
    </Filter>
    <Filter Include="Framework\texture">
      <UniqueIdentifier>{4e5a68d1-54c2-4e87-a8a2-eba2ecd7309a}</UniqueIdentifier>
    </Filter>
    <Filter Include="Framework\tile">
      <UniqueIdentifier>{eadf22a2-34b4-4819-8fad-0daebb7e3f2c}</UniqueIdentifier>
    </Filter>
    <Filter Include="Framework\util">
      <UniqueIdentifier>{3c1c539c-0e9b-4f4c-9be1-6c04fbb7fbf4}</UniqueIdentifier>
    </Filter>
    <Filter Include="Framework\view">
      <UniqueIdentifier>{7219c962-358c-4117-9cc5-3a541a0e3d3d}</UniqueIdentifier>
    </Filter>
  </ItemGroup>
  <ItemGroup>
    <ClCompile Include="..\..\..\lib\spine\src\spine\SlotData.c">
      <Filter>Third\spine</Filter>
    </ClCompile>
    <ClCompile Include="..\..\..\lib\spine\src\spine\Animation.c">
      <Filter>Third\spine</Filter>
    </ClCompile>
    <ClCompile Include="..\..\..\lib\spine\src\spine\AnimationState.c">
      <Filter>Third\spine</Filter>
    </ClCompile>
    <ClCompile Include="..\..\..\lib\spine\src\spine\AnimationStateData.c">
      <Filter>Third\spine</Filter>
    </ClCompile>
    <ClCompile Include="..\..\..\lib\spine\src\spine\Atlas.c">
      <Filter>Third\spine</Filter>
    </ClCompile>
    <ClCompile Include="..\..\..\lib\spine\src\spine\AtlasAttachmentLoader.c">
      <Filter>Third\spine</Filter>
    </ClCompile>
    <ClCompile Include="..\..\..\lib\spine\src\spine\Attachment.c">
      <Filter>Third\spine</Filter>
    </ClCompile>
    <ClCompile Include="..\..\..\lib\spine\src\spine\AttachmentLoader.c">
      <Filter>Third\spine</Filter>
    </ClCompile>
    <ClCompile Include="..\..\..\lib\spine\src\spine\Bone.c">
      <Filter>Third\spine</Filter>
    </ClCompile>
    <ClCompile Include="..\..\..\lib\spine\src\spine\BoneData.c">
      <Filter>Third\spine</Filter>
    </ClCompile>
    <ClCompile Include="..\..\..\lib\spine\src\spine\extension.c">
      <Filter>Third\spine</Filter>
    </ClCompile>
    <ClCompile Include="..\..\..\lib\spine\src\spine\Json.c">
      <Filter>Third\spine</Filter>
    </ClCompile>
    <ClCompile Include="..\..\..\lib\spine\src\spine\RegionAttachment.c">
      <Filter>Third\spine</Filter>
    </ClCompile>
    <ClCompile Include="..\..\..\lib\spine\src\spine\Skeleton.c">
      <Filter>Third\spine</Filter>
    </ClCompile>
    <ClCompile Include="..\..\..\lib\spine\src\spine\SkeletonData.c">
      <Filter>Third\spine</Filter>
    </ClCompile>
    <ClCompile Include="..\..\..\lib\spine\src\spine\SkeletonJson.c">
      <Filter>Third\spine</Filter>
    </ClCompile>
    <ClCompile Include="..\..\..\lib\spine\src\spine\Skin.c">
      <Filter>Third\spine</Filter>
    </ClCompile>
    <ClCompile Include="..\..\..\lib\spine\src\spine\Slot.c">
      <Filter>Third\spine</Filter>
    </ClCompile>
    <ClCompile Include="..\..\..\src\mvcgame\action\ActionRunner.cpp">
      <Filter>Framework\action</Filter>
    </ClCompile>
    <ClCompile Include="..\..\..\src\mvcgame\action\TweenAction.cpp">
      <Filter>Framework\action</Filter>
    </ClCompile>
    <ClCompile Include="..\..\..\src\mvcgame\asset\AssetStreamManager.cpp">
      <Filter>Framework\asset</Filter>
    </ClCompile>
    <ClCompile Include="..\..\..\src\mvcgame\asset\FileStreamLoader.cpp">
      <Filter>Framework\asset</Filter>
    </ClCompile>
    <ClCompile Include="..\..\..\src\mvcgame\base\Application.cpp">
      <Filter>Framework\base</Filter>
    </ClCompile>
    <ClCompile Include="..\..\..\src\mvcgame\base\Color.cpp">
      <Filter>Framework\base</Filter>
    </ClCompile>
    <ClCompile Include="..\..\..\src\mvcgame\base\Easing.cpp">
      <Filter>Framework\base</Filter>
    </ClCompile>
    <ClCompile Include="..\..\..\src\mvcgame\base\Geometry.cpp">
      <Filter>Framework\base</Filter>
    </ClCompile>
    <ClCompile Include="..\..\..\src\mvcgame\base\Time.cpp">
      <Filter>Framework\base</Filter>
    </ClCompile>
    <ClCompile Include="..\..\..\src\mvcgame\controller\BaseViewController.cpp">
      <Filter>Framework\controller</Filter>
    </ClCompile>
    <ClCompile Include="..\..\..\src\mvcgame\controller\RootViewController.cpp">
      <Filter>Framework\controller</Filter>
    </ClCompile>
    <ClCompile Include="..\..\..\src\mvcgame\controller\ViewController.cpp">
      <Filter>Framework\controller</Filter>
    </ClCompile>
    <ClCompile Include="..\..\..\src\mvcgame\event\EventEmitter.cpp">
      <Filter>Framework\event</Filter>
    </ClCompile>
    <ClCompile Include="..\..\..\src\mvcgame\event\Events.cpp">
      <Filter>Framework\event</Filter>
    </ClCompile>
    <ClCompile Include="..\..\..\src\mvcgame\font\FntFontAtlasLoader.cpp">
      <Filter>Framework\font</Filter>
    </ClCompile>
    <ClCompile Include="..\..\..\src\mvcgame\font\FontAtlas.cpp">
      <Filter>Framework\font</Filter>
    </ClCompile>
    <ClCompile Include="..\..\..\src\mvcgame\font\FontAtlasPage.cpp">
      <Filter>Framework\font</Filter>
    </ClCompile>
    <ClCompile Include="..\..\..\src\mvcgame\font\FontInfo.cpp">
      <Filter>Framework\font</Filter>
    </ClCompile>
    <ClCompile Include="..\..\..\src\mvcgame\font\FontLetter.cpp">
      <Filter>Framework\font</Filter>
    </ClCompile>
    <ClCompile Include="..\..\..\src\mvcgame\font\FontRegion.cpp">
      <Filter>Framework\font</Filter>
    </ClCompile>
    <ClCompile Include="..\..\..\src\mvcgame\font\FontSheet.cpp">
      <Filter>Framework\font</Filter>
    </ClCompile>
    <ClCompile Include="..\..\..\src\mvcgame\platform\BufferedTextureRenderBridge.cpp">
      <Filter>Framework\platform</Filter>
    </ClCompile>
    <ClCompile Include="..\..\..\src\mvcgame\platform\IFilesystemBridge.cpp">
      <Filter>Framework\platform</Filter>
    </ClCompile>
    <ClCompile Include="..\..\..\src\mvcgame\platform\IRenderBridge.cpp">
      <Filter>Framework\platform</Filter>
    </ClCompile>
    <ClCompile Include="..\..\..\src\mvcgame\platform\win\FilesystemBridge.cpp">
      <Filter>Framework\platform\win</Filter>
    </ClCompile>
    <ClCompile Include="..\..\..\src\mvcgame\platform\win\ApplicationBridge.cpp">
      <Filter>Framework\platform\win</Filter>
    </ClCompile>
    <ClCompile Include="..\..\..\src\mvcgame\platform\gl\RenderBridge.cpp">
      <Filter>Framework\platform\gl</Filter>
    </ClCompile>
    <ClCompile Include="..\..\..\src\mvcgame\skeleton\SpineSkeleton.cpp">
      <Filter>Framework\skeleton</Filter>
    </ClCompile>
    <ClCompile Include="..\..\..\src\mvcgame\skeleton\SpineSkeletonLoader.cpp">
      <Filter>Framework\skeleton</Filter>
    </ClCompile>
    <ClCompile Include="..\..\..\src\mvcgame\texture\CocosTextureAtlasLoader.cpp">
      <Filter>Framework\texture</Filter>
    </ClCompile>
    <ClCompile Include="..\..\..\src\mvcgame\texture\GdxTextureAtlasLoader.cpp">
      <Filter>Framework\texture</Filter>
    </ClCompile>
    <ClCompile Include="..\..\..\src\mvcgame\texture\PngTextureLoader.cpp">
      <Filter>Framework\texture</Filter>
    </ClCompile>
    <ClCompile Include="..\..\..\src\mvcgame\texture\SpriteFrame.cpp">
      <Filter>Framework\texture</Filter>
    </ClCompile>
    <ClCompile Include="..\..\..\src\mvcgame\texture\SpriteSheet.cpp">
      <Filter>Framework\texture</Filter>
    </ClCompile>
    <ClCompile Include="..\..\..\src\mvcgame\texture\Texture.cpp">
      <Filter>Framework\texture</Filter>
    </ClCompile>
    <ClCompile Include="..\..\..\src\mvcgame\texture\TextureAtlas.cpp">
      <Filter>Framework\texture</Filter>
    </ClCompile>
    <ClCompile Include="..\..\..\src\mvcgame\texture\TextureRegion.cpp">
      <Filter>Framework\texture</Filter>
    </ClCompile>
    <ClCompile Include="..\..\..\src\mvcgame\tile\Tile.cpp">
      <Filter>Framework\tile</Filter>
    </ClCompile>
    <ClCompile Include="..\..\..\src\mvcgame\tile\TileLayer.cpp">
      <Filter>Framework\tile</Filter>
    </ClCompile>
    <ClCompile Include="..\..\..\src\mvcgame\tile\TileMap.cpp">
      <Filter>Framework\tile</Filter>
    </ClCompile>
    <ClCompile Include="..\..\..\src\mvcgame\tile\TileSet.cpp">
      <Filter>Framework\tile</Filter>
    </ClCompile>
    <ClCompile Include="..\..\..\src\mvcgame\tile\TmxTileMapLoader.cpp">
      <Filter>Framework\tile</Filter>
    </ClCompile>
    <ClCompile Include="..\..\..\src\mvcgame\util\StringUtils.cpp">
      <Filter>Framework\util</Filter>
    </ClCompile>
    <ClCompile Include="..\..\..\src\mvcgame\view\BaseView.cpp">
      <Filter>Framework\view</Filter>
    </ClCompile>
    <ClCompile Include="..\..\..\src\mvcgame\view\ColorView.cpp">
      <Filter>Framework\view</Filter>
    </ClCompile>
    <ClCompile Include="..\..\..\src\mvcgame\view\NineScaleView.cpp">
      <Filter>Framework\view</Filter>
    </ClCompile>
    <ClCompile Include="..\..\..\src\mvcgame\view\PanZoomView.cpp">
      <Filter>Framework\view</Filter>
    </ClCompile>
    <ClCompile Include="..\..\..\src\mvcgame\view\RootView.cpp">
      <Filter>Framework\view</Filter>
    </ClCompile>
    <ClCompile Include="..\..\..\src\mvcgame\view\SpineSkeletonView.cpp">
      <Filter>Framework\view</Filter>
    </ClCompile>
    <ClCompile Include="..\..\..\src\mvcgame\view\Sprite.cpp">
      <Filter>Framework\view</Filter>
    </ClCompile>
    <ClCompile Include="..\..\..\src\mvcgame\view\TextView.cpp">
      <Filter>Framework\view</Filter>
    </ClCompile>
    <ClCompile Include="..\..\..\src\mvcgame\view\TileMapView.cpp">
      <Filter>Framework\view</Filter>
    </ClCompile>
    <ClCompile Include="..\..\..\src\mvcgame\view\View.cpp">
      <Filter>Framework\view</Filter>
    </ClCompile>
  </ItemGroup>
  <ItemGroup>
    <ClInclude Include="..\..\..\lib\spine\src\spine\Json.h">
      <Filter>Third\spine</Filter>
    </ClInclude>
    <ClInclude Include="..\..\..\src\mvcgame\action\ActionRunner.hpp">
      <Filter>Framework\action</Filter>
    </ClInclude>
    <ClInclude Include="..\..\..\src\mvcgame\action\IAction.hpp">
      <Filter>Framework\action</Filter>
    </ClInclude>
    <ClInclude Include="..\..\..\src\mvcgame\action\TweenAction.hpp">
      <Filter>Framework\action</Filter>
    </ClInclude>
    <ClInclude Include="..\..\..\src\mvcgame\asset\AssetManager.hpp">
      <Filter>Framework\asset</Filter>
    </ClInclude>
    <ClInclude Include="..\..\..\src\mvcgame\asset\AssetStreamManager.hpp">
      <Filter>Framework\asset</Filter>
    </ClInclude>
    <ClInclude Include="..\..\..\src\mvcgame\asset\AssetStreamParam.hpp">
      <Filter>Framework\asset</Filter>
    </ClInclude>
    <ClInclude Include="..\..\..\src\mvcgame\asset\FileStreamLoader.hpp">
      <Filter>Framework\asset</Filter>
    </ClInclude>
    <ClInclude Include="..\..\..\src\mvcgame\asset\IAssetLoader.hpp">
      <Filter>Framework\asset</Filter>
    </ClInclude>
    <ClInclude Include="..\..\..\src\mvcgame\asset\IStreamLoader.hpp">
      <Filter>Framework\asset</Filter>
    </ClInclude>
    <ClInclude Include="..\..\..\src\mvcgame\base\Application.hpp">
      <Filter>Framework\base</Filter>
    </ClInclude>
    <ClInclude Include="..\..\..\src\mvcgame\base\Color.hpp">
      <Filter>Framework\base</Filter>
    </ClInclude>
    <ClInclude Include="..\..\..\src\mvcgame\base\Easing.hpp">
      <Filter>Framework\base</Filter>
    </ClInclude>
    <ClInclude Include="..\..\..\src\mvcgame\base\Geometry.hpp">
      <Filter>Framework\base</Filter>
    </ClInclude>
    <ClInclude Include="..\..\..\src\mvcgame\base\ObservedValue.hpp">
      <Filter>Framework\base</Filter>
    </ClInclude>
    <ClInclude Include="..\..\..\src\mvcgame\base\Time.hpp">
      <Filter>Framework\base</Filter>
    </ClInclude>
    <ClInclude Include="..\..\..\src\mvcgame\controller\BaseViewController.hpp">
      <Filter>Framework\controller</Filter>
    </ClInclude>
    <ClInclude Include="..\..\..\src\mvcgame\controller\RootViewController.hpp">
      <Filter>Framework\controller</Filter>
    </ClInclude>
    <ClInclude Include="..\..\..\src\mvcgame\controller\ViewController.hpp">
      <Filter>Framework\controller</Filter>
    </ClInclude>
    <ClInclude Include="..\..\..\src\mvcgame\event\EventEmitter.hpp">
      <Filter>Framework\event</Filter>
    </ClInclude>
    <ClInclude Include="..\..\..\src\mvcgame\event\Events.hpp">
      <Filter>Framework\event</Filter>
    </ClInclude>
    <ClInclude Include="..\..\..\src\mvcgame\event\IResponder.hpp">
      <Filter>Framework\event</Filter>
    </ClInclude>
    <ClInclude Include="..\..\..\src\mvcgame\font\FntFontAtlasLoader.hpp">
      <Filter>Framework\font</Filter>
    </ClInclude>
    <ClInclude Include="..\..\..\src\mvcgame\font\FontAtlas.hpp">
      <Filter>Framework\font</Filter>
    </ClInclude>
    <ClInclude Include="..\..\..\src\mvcgame\font\FontAtlasPage.hpp">
      <Filter>Framework\font</Filter>
    </ClInclude>
    <ClInclude Include="..\..\..\src\mvcgame\font\FontInfo.hpp">
      <Filter>Framework\font</Filter>
    </ClInclude>
    <ClInclude Include="..\..\..\src\mvcgame\font\FontLetter.hpp">
      <Filter>Framework\font</Filter>
    </ClInclude>
    <ClInclude Include="..\..\..\src\mvcgame\font\FontRegion.hpp">
      <Filter>Framework\font</Filter>
    </ClInclude>
    <ClInclude Include="..\..\..\src\mvcgame\font\FontSheet.hpp">
      <Filter>Framework\font</Filter>
    </ClInclude>
    <ClInclude Include="..\..\..\src\mvcgame\platform\ApplicationBridge.hpp">
      <Filter>Framework\platform</Filter>
    </ClInclude>
    <ClInclude Include="..\..\..\src\mvcgame\platform\BufferedTextureRenderBridge.hpp">
      <Filter>Framework\platform</Filter>
    </ClInclude>
    <ClInclude Include="..\..\..\src\mvcgame\platform\IApplicationBridge.hpp">
      <Filter>Framework\platform</Filter>
    </ClInclude>
    <ClInclude Include="..\..\..\src\mvcgame\platform\IFilesystemBridge.hpp">
      <Filter>Framework\platform</Filter>
    </ClInclude>
    <ClInclude Include="..\..\..\src\mvcgame\platform\IRenderBridge.hpp">
      <Filter>Framework\platform</Filter>
    </ClInclude>
    <ClInclude Include="..\..\..\src\mvcgame\platform\win\ApplicationBridge.hpp">
      <Filter>Framework\platform\win</Filter>
    </ClInclude>
    <ClInclude Include="..\..\..\src\mvcgame\platform\win\FilesystemBridge.hpp">
      <Filter>Framework\platform\win</Filter>
    </ClInclude>
    <ClInclude Include="..\..\..\src\mvcgame\platform\gl\RenderBridge.hpp">
      <Filter>Framework\platform\gl</Filter>
    </ClInclude>
    <ClInclude Include="..\..\..\src\mvcgame\skeleton\SpineSkeleton.hpp">
      <Filter>Framework\skeleton</Filter>
    </ClInclude>
    <ClInclude Include="..\..\..\src\mvcgame\skeleton\SpineSkeletonLoader.hpp">
      <Filter>Framework\skeleton</Filter>
    </ClInclude>
    <ClInclude Include="..\..\..\src\mvcgame\texture\CocosTextureAtlasLoader.hpp">
      <Filter>Framework\texture</Filter>
    </ClInclude>
    <ClInclude Include="..\..\..\src\mvcgame\texture\GdxTextureAtlasLoader.hpp">
      <Filter>Framework\texture</Filter>
    </ClInclude>
    <ClInclude Include="..\..\..\src\mvcgame\texture\PngTextureLoader.hpp">
      <Filter>Framework\texture</Filter>
    </ClInclude>
    <ClInclude Include="..\..\..\src\mvcgame\texture\SpriteFrame.hpp">
      <Filter>Framework\texture</Filter>
    </ClInclude>
    <ClInclude Include="..\..\..\src\mvcgame\texture\SpriteSheet.hpp">
      <Filter>Framework\texture</Filter>
    </ClInclude>
    <ClInclude Include="..\..\..\src\mvcgame\texture\Texture.hpp">
      <Filter>Framework\texture</Filter>
    </ClInclude>
    <ClInclude Include="..\..\..\src\mvcgame\texture\TextureAtlas.hpp">
      <Filter>Framework\texture</Filter>
    </ClInclude>
    <ClInclude Include="..\..\..\src\mvcgame\texture\TextureRegion.hpp">
      <Filter>Framework\texture</Filter>
    </ClInclude>
    <ClInclude Include="..\..\..\src\mvcgame\tile\Tile.hpp">
      <Filter>Framework\tile</Filter>
    </ClInclude>
    <ClInclude Include="..\..\..\src\mvcgame\tile\TileLayer.hpp">
      <Filter>Framework\tile</Filter>
    </ClInclude>
    <ClInclude Include="..\..\..\src\mvcgame\tile\TileMap.hpp">
      <Filter>Framework\tile</Filter>
    </ClInclude>
    <ClInclude Include="..\..\..\src\mvcgame\tile\TileSet.hpp">
      <Filter>Framework\tile</Filter>
    </ClInclude>
    <ClInclude Include="..\..\..\src\mvcgame\tile\TmxTileMapLoader.hpp">
      <Filter>Framework\tile</Filter>
    </ClInclude>
    <ClInclude Include="..\..\..\src\mvcgame\util\StringUtils.hpp">
      <Filter>Framework\util</Filter>
    </ClInclude>
    <ClInclude Include="..\..\..\src\mvcgame\view\BaseView.hpp">
      <Filter>Framework\view</Filter>
    </ClInclude>
    <ClInclude Include="..\..\..\src\mvcgame\view\ColorView.hpp">
      <Filter>Framework\view</Filter>
    </ClInclude>
    <ClInclude Include="..\..\..\src\mvcgame\view\IViewMask.hpp">
      <Filter>Framework\view</Filter>
    </ClInclude>
    <ClInclude Include="..\..\..\src\mvcgame\view\NineScaleView.hpp">
      <Filter>Framework\view</Filter>
    </ClInclude>
    <ClInclude Include="..\..\..\src\mvcgame\view\PanZoomView.hpp">
      <Filter>Framework\view</Filter>
    </ClInclude>
    <ClInclude Include="..\..\..\src\mvcgame\view\RootView.hpp">
      <Filter>Framework\view</Filter>
    </ClInclude>
    <ClInclude Include="..\..\..\src\mvcgame\view\SpineSkeletonView.hpp">
      <Filter>Framework\view</Filter>
    </ClInclude>
    <ClInclude Include="..\..\..\src\mvcgame\view\Sprite.hpp">
      <Filter>Framework\view</Filter>
    </ClInclude>
    <ClInclude Include="..\..\..\src\mvcgame\view\TextView.hpp">
      <Filter>Framework\view</Filter>
    </ClInclude>
    <ClInclude Include="..\..\..\src\mvcgame\view\TileMapView.hpp">
      <Filter>Framework\view</Filter>
    </ClInclude>
    <ClInclude Include="..\..\..\src\mvcgame\view\View.hpp">
      <Filter>Framework\view</Filter>
    </ClInclude>
  </ItemGroup>
</Project>